
Microsoft Visual Studio Solution File, Format Version 12.00
# Visual Studio Version 16
VisualStudioVersion = 16.0.29509.3
MinimumVisualStudioVersion = 10.0.40219.1
Project("{2150E333-8FDC-42A3-9474-1A3956D46DE8}") = "src", "src", "{40585185-731C-4546-9B82-4FEF6676F8A2}"
EndProject
Project("{2150E333-8FDC-42A3-9474-1A3956D46DE8}") = "SharedKernels", "SharedKernels", "{6E02FCE4-0F96-4536-8995-93885CCDC707}"
EndProject
Project("{2150E333-8FDC-42A3-9474-1A3956D46DE8}") = "Modules", "Modules", "{A410C83E-F719-456D-B6B2-108042A0E6D1}"
EndProject
Project("{2150E333-8FDC-42A3-9474-1A3956D46DE8}") = "User", "User", "{1EBDAD93-E428-4A60-AAD9-50CAB08D8FC5}"
EndProject
Project("{FAE04EC0-301F-11D3-BF4B-00C04F79EFBC}") = "BAOZ.Common", "BAOZ.Common\BAOZ.Common.csproj", "{9EAE7950-068D-4620-A840-6D50BE391E55}"
EndProject
Project("{FAE04EC0-301F-11D3-BF4B-00C04F79EFBC}") = "BAOZ.DDD", "BAOZ.DDD\BAOZ.DDD.csproj", "{07D3CBF2-49BF-49F2-8FC3-2452D3176B90}"
EndProject
Project("{FAE04EC0-301F-11D3-BF4B-00C04F79EFBC}") = "User.Application", "User.Application\User.Application.csproj", "{940EB60C-6A84-4F42-9BC1-34CFAFB14F45}"
EndProject
Project("{FAE04EC0-301F-11D3-BF4B-00C04F79EFBC}") = "User.Core", "User.Core\User.Core.csproj", "{8C4E89CC-5257-4A8C-9394-0D7CE364E8E9}"
EndProject
Project("{FAE04EC0-301F-11D3-BF4B-00C04F79EFBC}") = "User.Infrastructure", "User.Infrastructure\User.Infrastructure.csproj", "{8DC714D6-6C16-4BB5-B79E-CDC95DF02E89}"
EndProject
Project("{2150E333-8FDC-42A3-9474-1A3956D46DE8}") = "API", "API", "{A7BD11EB-1C09-4142-8254-50981906FF38}"
EndProject
Project("{FAE04EC0-301F-11D3-BF4B-00C04F79EFBC}") = "BAOZ.Api", "BAOZ.Api\BAOZ.Api.csproj", "{B22B929B-8959-4098-8BE9-0CB0883602D6}"
EndProject
Project("{FAE04EC0-301F-11D3-BF4B-00C04F79EFBC}") = "Baoz.Infrastructure", "Baoz.Infrastructure\Baoz.Infrastructure.csproj", "{323434C1-9135-4ADA-92F3-A5014D39F129}"
EndProject
Global
	GlobalSection(SolutionConfigurationPlatforms) = preSolution
		Debug|Any CPU = Debug|Any CPU
		Release|Any CPU = Release|Any CPU
	EndGlobalSection
	GlobalSection(ProjectConfigurationPlatforms) = postSolution
		{9EAE7950-068D-4620-A840-6D50BE391E55}.Debug|Any CPU.ActiveCfg = Debug|Any CPU
		{9EAE7950-068D-4620-A840-6D50BE391E55}.Debug|Any CPU.Build.0 = Debug|Any CPU
		{9EAE7950-068D-4620-A840-6D50BE391E55}.Release|Any CPU.ActiveCfg = Release|Any CPU
		{9EAE7950-068D-4620-A840-6D50BE391E55}.Release|Any CPU.Build.0 = Release|Any CPU
		{07D3CBF2-49BF-49F2-8FC3-2452D3176B90}.Debug|Any CPU.ActiveCfg = Debug|Any CPU
		{07D3CBF2-49BF-49F2-8FC3-2452D3176B90}.Debug|Any CPU.Build.0 = Debug|Any CPU
		{07D3CBF2-49BF-49F2-8FC3-2452D3176B90}.Release|Any CPU.ActiveCfg = Release|Any CPU
		{07D3CBF2-49BF-49F2-8FC3-2452D3176B90}.Release|Any CPU.Build.0 = Release|Any CPU
		{940EB60C-6A84-4F42-9BC1-34CFAFB14F45}.Debug|Any CPU.ActiveCfg = Debug|Any CPU
		{940EB60C-6A84-4F42-9BC1-34CFAFB14F45}.Debug|Any CPU.Build.0 = Debug|Any CPU
		{940EB60C-6A84-4F42-9BC1-34CFAFB14F45}.Release|Any CPU.ActiveCfg = Release|Any CPU
		{940EB60C-6A84-4F42-9BC1-34CFAFB14F45}.Release|Any CPU.Build.0 = Release|Any CPU
		{8C4E89CC-5257-4A8C-9394-0D7CE364E8E9}.Debug|Any CPU.ActiveCfg = Debug|Any CPU
		{8C4E89CC-5257-4A8C-9394-0D7CE364E8E9}.Debug|Any CPU.Build.0 = Debug|Any CPU
		{8C4E89CC-5257-4A8C-9394-0D7CE364E8E9}.Release|Any CPU.ActiveCfg = Release|Any CPU
		{8C4E89CC-5257-4A8C-9394-0D7CE364E8E9}.Release|Any CPU.Build.0 = Release|Any CPU
		{8DC714D6-6C16-4BB5-B79E-CDC95DF02E89}.Debug|Any CPU.ActiveCfg = Debug|Any CPU
		{8DC714D6-6C16-4BB5-B79E-CDC95DF02E89}.Debug|Any CPU.Build.0 = Debug|Any CPU
		{8DC714D6-6C16-4BB5-B79E-CDC95DF02E89}.Release|Any CPU.ActiveCfg = Release|Any CPU
		{8DC714D6-6C16-4BB5-B79E-CDC95DF02E89}.Release|Any CPU.Build.0 = Release|Any CPU
		{B22B929B-8959-4098-8BE9-0CB0883602D6}.Debug|Any CPU.ActiveCfg = Debug|Any CPU
		{B22B929B-8959-4098-8BE9-0CB0883602D6}.Debug|Any CPU.Build.0 = Debug|Any CPU
		{B22B929B-8959-4098-8BE9-0CB0883602D6}.Release|Any CPU.ActiveCfg = Release|Any CPU
		{B22B929B-8959-4098-8BE9-0CB0883602D6}.Release|Any CPU.Build.0 = Release|Any CPU
		{323434C1-9135-4ADA-92F3-A5014D39F129}.Debug|Any CPU.ActiveCfg = Debug|Any CPU
		{323434C1-9135-4ADA-92F3-A5014D39F129}.Debug|Any CPU.Build.0 = Debug|Any CPU
		{323434C1-9135-4ADA-92F3-A5014D39F129}.Release|Any CPU.ActiveCfg = Release|Any CPU
		{323434C1-9135-4ADA-92F3-A5014D39F129}.Release|Any CPU.Build.0 = Release|Any CPU
	EndGlobalSection
	GlobalSection(SolutionProperties) = preSolution
		HideSolutionNode = FALSE
	EndGlobalSection
	GlobalSection(NestedProjects) = preSolution
		{6E02FCE4-0F96-4536-8995-93885CCDC707} = {40585185-731C-4546-9B82-4FEF6676F8A2}
		{A410C83E-F719-456D-B6B2-108042A0E6D1} = {40585185-731C-4546-9B82-4FEF6676F8A2}
		{1EBDAD93-E428-4A60-AAD9-50CAB08D8FC5} = {A410C83E-F719-456D-B6B2-108042A0E6D1}
		{9EAE7950-068D-4620-A840-6D50BE391E55} = {6E02FCE4-0F96-4536-8995-93885CCDC707}
		{07D3CBF2-49BF-49F2-8FC3-2452D3176B90} = {6E02FCE4-0F96-4536-8995-93885CCDC707}
		{940EB60C-6A84-4F42-9BC1-34CFAFB14F45} = {1EBDAD93-E428-4A60-AAD9-50CAB08D8FC5}
		{8C4E89CC-5257-4A8C-9394-0D7CE364E8E9} = {1EBDAD93-E428-4A60-AAD9-50CAB08D8FC5}
		{8DC714D6-6C16-4BB5-B79E-CDC95DF02E89} = {1EBDAD93-E428-4A60-AAD9-50CAB08D8FC5}
		{A7BD11EB-1C09-4142-8254-50981906FF38} = {40585185-731C-4546-9B82-4FEF6676F8A2}
		{B22B929B-8959-4098-8BE9-0CB0883602D6} = {A7BD11EB-1C09-4142-8254-50981906FF38}
		{323434C1-9135-4ADA-92F3-A5014D39F129} = {40585185-731C-4546-9B82-4FEF6676F8A2}
	EndGlobalSection
	GlobalSection(ExtensibilityGlobals) = postSolution
		SolutionGuid = {4706C17D-0DBD-492A-8579-6A9FD48D01C2}
	EndGlobalSection
EndGlobal
